
Microsoft Visual Studio Solution File, Format Version 12.00
# Visual Studio 15
VisualStudioVersion = 15.0.28010.2026
MinimumVisualStudioVersion = 10.0.40219.1
Project("{9A19103F-16F7-4668-BE54-9A1E7A4F7556}") = "Orleans.Persistence.Redis", "Orleans.Persistence.Redis\Orleans.Persistence.Redis.csproj", "{37347FF8-3B16-42A9-A90D-8FAB38E87D6C}"
EndProject
Global
	GlobalSection(SolutionConfigurationPlatforms) = preSolution
		Debug|Any CPU = Debug|Any CPU
		Release|Any CPU = Release|Any CPU
	EndGlobalSection
	GlobalSection(ProjectConfigurationPlatforms) = postSolution
		{37347FF8-3B16-42A9-A90D-8FAB38E87D6C}.Debug|Any CPU.ActiveCfg = Debug|Any CPU
		{37347FF8-3B16-42A9-A90D-8FAB38E87D6C}.Debug|Any CPU.Build.0 = Debug|Any CPU
		{37347FF8-3B16-42A9-A90D-8FAB38E87D6C}.Release|Any CPU.ActiveCfg = Release|Any CPU
		{37347FF8-3B16-42A9-A90D-8FAB38E87D6C}.Release|Any CPU.Build.0 = Release|Any CPU
	EndGlobalSection
	GlobalSection(SolutionProperties) = preSolution
		HideSolutionNode = FALSE
	EndGlobalSection
	GlobalSection(ExtensibilityGlobals) = postSolution
		SolutionGuid = {19F423B8-DD85-4046-BBA2-EBE4F74867AA}
	EndGlobalSection
EndGlobal
